
Microsoft Visual Studio Solution File, Format Version 12.00
# Visual Studio Version 16
VisualStudioVersion = 16.0.31112.23
MinimumVisualStudioVersion = 10.0.40219.1
Project("{9A19103F-16F7-4668-BE54-9A1E7A4F7556}") = "WinFormsApp1", "WinFormsApp1.csproj", "{5093BFDA-E8BE-466E-8881-F9E150047145}"
EndProject
Global
	GlobalSection(SolutionConfigurationPlatforms) = preSolution
		Debug|Any CPU = Debug|Any CPU
		Release|Any CPU = Release|Any CPU
	EndGlobalSection
	GlobalSection(ProjectConfigurationPlatforms) = postSolution
		{5093BFDA-E8BE-466E-8881-F9E150047145}.Debug|Any CPU.ActiveCfg = Debug|Any CPU
		{5093BFDA-E8BE-466E-8881-F9E150047145}.Debug|Any CPU.Build.0 = Debug|Any CPU
		{5093BFDA-E8BE-466E-8881-F9E150047145}.Release|Any CPU.ActiveCfg = Release|Any CPU
		{5093BFDA-E8BE-466E-8881-F9E150047145}.Release|Any CPU.Build.0 = Release|Any CPU
	EndGlobalSection
	GlobalSection(SolutionProperties) = preSolution
		HideSolutionNode = FALSE
	EndGlobalSection
	GlobalSection(ExtensibilityGlobals) = postSolution
		SolutionGuid = {0C3F423A-FD8E-47F3-A7A5-9171C5A01F24}
	EndGlobalSection
EndGlobal
